<?xml version="1.0" encoding="utf-8"?>
<Project ToolsVersion="4.0" xmlns="http://schemas.microsoft.com/developer/msbuild/2003">
  <ItemGroup>
    <Filter Include="Source Files">
      <UniqueIdentifier>{4FC737F1-C7A5-4376-A066-2A32D752A2FF}</UniqueIdentifier>
      <Extensions>cpp;c;cc;cxx;def;odl;idl;hpj;bat;asm;asmx</Extensions>
    </Filter>
    <Filter Include="Header Files">
      <UniqueIdentifier>{93995380-89BD-4b04-88EB-625FBE52EBFB}</UniqueIdentifier>
      <Extensions>h;hpp;hxx;hm;inl;inc;xsd</Extensions>
    </Filter>
    <Filter Include="Resource Files">
      <UniqueIdentifier>{67DA6AB6-F800-4c08-8B7A-83BB121AAD01}</UniqueIdentifier>
      <Extensions>rc;ico;cur;bmp;dlg;rc2;rct;bin;rgs;gif;jpg;jpeg;jpe;resx;tiff;tif;png;wav;mfcribbon-ms</Extensions>
    </Filter>
  </ItemGroup>
  <ItemGroup>
    <None Include="ReadMe.txt" />
  </ItemGroup>
  <ItemGroup>
    <ClCompile Include="PluginList.cpp">
      <Filter>Source Files</Filter>
    </ClCompile>
    <ClCompile Include="ProtoTcpSocket.cpp">
      <Filter>Source Files</Filter>
    </ClCompile>
    <ClCompile Include="UserEventList.cpp">
      <Filter>Source Files</Filter>
    </ClCompile>
    <ClCompile Include="InstantUserInfo.cpp">
      <Filter>Source Files</Filter>
    </ClCompile>
    <ClCompile Include="PendingMsgList.cpp">
      <Filter>Source Files</Filter>
    </ClCompile>
    <ClCompile Include="InterfaceAnsiString.cpp">
      <Filter>Source Files</Filter>
    </ClCompile>
    <ClCompile Include="MessageList.cpp">
      <Filter>Source Files</Filter>
    </ClCompile>
    <ClCompile Include="InterfaceFontStyle.cpp">
      <Filter>Source Files</Filter>
    </ClCompile>
    <ClCompile Include="InterfaceUserList.cpp">
      <Filter>Source Files</Filter>
    </ClCompile>
    <ClCompile Include="XmlNodeTranslate.cpp">
      <Filter>Source Files</Filter>
    </ClCompile>
    <ClCompile Include="TransferFileList.cpp">
      <Filter>Source Files</Filter>
    </ClCompile>
  </ItemGroup>
  <ItemGroup>
    <ClInclude Include="PluginList.h">
      <Filter>Header Files</Filter>
    </ClInclude>
    <ClInclude Include="ProtoTcpSocket.h">
      <Filter>Header Files</Filter>
    </ClInclude>
    <ClInclude Include="UserEventList.h">
      <Filter>Header Files</Filter>
    </ClInclude>
    <ClInclude Include="IMDllRegistar.h">
      <Filter>Header Files</Filter>
    </ClInclude>
    <ClInclude Include="InstantUserInfo.h">
      <Filter>Header Files</Filter>
    </ClInclude>
    <ClInclude Include="PendingMsgList.h">
      <Filter>Header Files</Filter>
    </ClInclude>
    <ClInclude Include="InterfaceAnsiString.h">
      <Filter>Header Files</Filter>
    </ClInclude>
    <ClInclude Include="MessageList.h">
      <Filter>Header Files</Filter>
    </ClInclude>
    <ClInclude Include="InterfaceFontStyle.h">
      <Filter>Header Files</Filter>
    </ClInclude>
    <ClInclude Include="InterfaceUserList.h">
      <Filter>Header Files</Filter>
    </ClInclude>
    <ClInclude Include="XmlNodeTranslate.h">
      <Filter>Header Files</Filter>
    </ClInclude>
    <ClInclude Include="TransferFileList.h">
      <Filter>Header Files</Filter>
    </ClInclude>
  </ItemGroup>
</Project>