<?xml version="1.0" encoding="utf-8"?>
<Project ToolsVersion="4.0" xmlns="http://schemas.microsoft.com/developer/msbuild/2003">
  <ItemGroup>
    <Filter Include="Source Files">
      <UniqueIdentifier>{4FC737F1-C7A5-4376-A066-2A32D752A2FF}</UniqueIdentifier>
      <Extensions>cpp;c;cc;cxx;def;odl;idl;hpj;bat;asm;asmx</Extensions>
    </Filter>
    <Filter Include="Header Files">
      <UniqueIdentifier>{93995380-89BD-4b04-88EB-625FBE52EBFB}</UniqueIdentifier>
      <Extensions>h;hpp;hxx;hm;inl;inc;xsd</Extensions>
    </Filter>
    <Filter Include="Resource Files">
      <UniqueIdentifier>{67DA6AB6-F800-4c08-8B7A-83BB121AAD01}</UniqueIdentifier>
      <Extensions>rc;ico;cur;bmp;dlg;rc2;rct;bin;rgs;gif;jpg;jpeg;jpe;resx;tiff;tif;png;wav</Extensions>
    </Filter>
  </ItemGroup>
  <ItemGroup>
    <ClCompile Include="AsyncNetIoSocket.cpp">
      <Filter>Source Files</Filter>
    </ClCompile>
    <ClCompile Include="AsyncTcpSocket.cpp">
      <Filter>Source Files</Filter>
    </ClCompile>
    <ClCompile Include="BaseNetUtils.cpp">
      <Filter>Source Files</Filter>
    </ClCompile>
    <ClCompile Include="BaseTcpSocket.cpp">
      <Filter>Source Files</Filter>
    </ClCompile>
    <ClCompile Include="ClientUdpSocket.cpp">
      <Filter>Source Files</Filter>
    </ClCompile>
    <ClCompile Include="HttpUpDownload.cpp">
      <Filter>Source Files</Filter>
    </ClCompile>
    <ClCompile Include="IoCompletionPort.cpp">
      <Filter>Source Files</Filter>
    </ClCompile>
    <ClCompile Include="IoCompletionServer.cpp">
      <Filter>Source Files</Filter>
    </ClCompile>
    <ClCompile Include="IoCompletionSocket.cpp">
      <Filter>Source Files</Filter>
    </ClCompile>
    <ClCompile Include="MiscClasses.cpp">
      <Filter>Source Files</Filter>
    </ClCompile>
    <ClCompile Include="PacketStream.cpp">
      <Filter>Source Files</Filter>
    </ClCompile>
    <ClCompile Include="Socks5AgentSocket.cpp">
      <Filter>Source Files</Filter>
    </ClCompile>
    <ClCompile Include="UdpProcessor.cpp">
      <Filter>Source Files</Filter>
    </ClCompile>
    <ClCompile Include="UDTSocket.cpp">
      <Filter>Source Files</Filter>
    </ClCompile>
  </ItemGroup>
  <ItemGroup>
    <None Include="ReadMe.txt" />
  </ItemGroup>
</Project>