<?xml version="1.0" encoding="utf-8"?>
<Project ToolsVersion="4.0" xmlns="http://schemas.microsoft.com/developer/msbuild/2003">
  <ItemGroup>
    <Filter Include="源文件">
      <UniqueIdentifier>{4FC737F1-C7A5-4376-A066-2A32D752A2FF}</UniqueIdentifier>
      <Extensions>cpp;c;cc;cxx;def;odl;idl;hpj;bat;asm;asmx</Extensions>
    </Filter>
    <Filter Include="头文件">
      <UniqueIdentifier>{93995380-89BD-4b04-88EB-625FBE52EBFB}</UniqueIdentifier>
      <Extensions>h;hpp;hxx;hm;inl;inc;xsd</Extensions>
    </Filter>
    <Filter Include="资源文件">
      <UniqueIdentifier>{67DA6AB6-F800-4c08-8B7A-83BB121AAD01}</UniqueIdentifier>
      <Extensions>rc;ico;cur;bmp;dlg;rc2;rct;bin;rgs;gif;jpg;jpeg;jpe;resx;tiff;tif;png;wav</Extensions>
    </Filter>
  </ItemGroup>
  <ItemGroup>
    <ClCompile Include="BaseStream.cpp">
      <Filter>源文件</Filter>
    </ClCompile>
    <ClCompile Include="BitmapGraph.cpp">
      <Filter>源文件</Filter>
    </ClCompile>
    <ClCompile Include="Buffer.cpp">
      <Filter>源文件</Filter>
    </ClCompile>
    <ClCompile Include="CalendarUtils.cpp">
      <Filter>源文件</Filter>
    </ClCompile>
    <ClCompile Include="Classes.cpp">
      <Filter>源文件</Filter>
    </ClCompile>
    <ClCompile Include="ColorTranslate.cpp">
      <Filter>源文件</Filter>
    </ClCompile>
    <ClCompile Include="FtpUpDown.cpp">
      <Filter>源文件</Filter>
    </ClCompile>
    <ClCompile Include="GdiPlusImage.cpp">
      <Filter>源文件</Filter>
    </ClCompile>
    <ClCompile Include="GifImage.cpp">
      <Filter>源文件</Filter>
    </ClCompile>
    <ClCompile Include="GraphicPlus.cpp">
      <Filter>源文件</Filter>
    </ClCompile>
    <ClCompile Include="GuardLock.cpp">
      <Filter>源文件</Filter>
    </ClCompile>
    <ClCompile Include="ImageDataObject.cpp">
      <Filter>源文件</Filter>
    </ClCompile>
    <ClCompile Include="IniConfigFile.cpp">
      <Filter>源文件</Filter>
    </ClCompile>
    <ClCompile Include="MemoryUserList.cpp">
      <Filter>源文件</Filter>
    </ClCompile>
    <ClCompile Include="MirrorViewer.cpp">
      <Filter>源文件</Filter>
    </ClCompile>
    <ClCompile Include="MiscClasses.cpp">
      <Filter>源文件</Filter>
    </ClCompile>
    <ClCompile Include="MySqlConnector.cpp">
      <Filter>源文件</Filter>
    </ClCompile>
    <ClCompile Include="PacketSeq.cpp">
      <Filter>源文件</Filter>
    </ClCompile>
    <ClCompile Include="PDFUtils.cpp">
      <Filter>源文件</Filter>
    </ClCompile>
    <ClCompile Include="PinyinTrans.cpp">
      <Filter>源文件</Filter>
    </ClCompile>
    <ClCompile Include="QueryAddressByIP.cpp">
      <Filter>源文件</Filter>
    </ClCompile>
    <ClCompile Include="Region2D.cpp">
      <Filter>源文件</Filter>
    </ClCompile>
    <ClCompile Include="RegionRect.cpp">
      <Filter>源文件</Filter>
    </ClCompile>
    <ClCompile Include="Schedule.cpp">
      <Filter>源文件</Filter>
    </ClCompile>
    <ClCompile Include="Service.cpp">
      <Filter>源文件</Filter>
    </ClCompile>
    <ClCompile Include="SqliteDBOP.cpp">
      <Filter>源文件</Filter>
    </ClCompile>
    <ClCompile Include="SqlServerDBQuery.cpp">
      <Filter>源文件</Filter>
    </ClCompile>
    <ClCompile Include="StringUtils.cpp">
      <Filter>源文件</Filter>
    </ClCompile>
    <ClCompile Include="SystemUtils.cpp">
      <Filter>源文件</Filter>
    </ClCompile>
    <ClCompile Include="SysTrayIcon.cpp">
      <Filter>源文件</Filter>
    </ClCompile>
    <ClCompile Include="TraySysIcon.cpp">
      <Filter>源文件</Filter>
    </ClCompile>
    <ClCompile Include="UpdaterFileParser.cpp">
      <Filter>源文件</Filter>
    </ClCompile>
    <ClCompile Include="UPNPMapping.cpp">
      <Filter>源文件</Filter>
    </ClCompile>
    <ClCompile Include="VNCMirrorDriver.cpp">
      <Filter>源文件</Filter>
    </ClCompile>
    <ClCompile Include="WindowlessRE.cpp">
      <Filter>源文件</Filter>
    </ClCompile>
    <ClCompile Include="HashAlgorithms.cpp">
      <Filter>源文件</Filter>
    </ClCompile>
    <ClCompile Include="DebugLog.cpp">
      <Filter>源文件</Filter>
    </ClCompile>
    <ClCompile Include="Yuv2RgbConv.cpp">
      <Filter>源文件</Filter>
    </ClCompile>
    <ClCompile Include="OracleQuery.cpp">
      <Filter>源文件</Filter>
    </ClCompile>
    <ClCompile Include="VCardParser.cpp">
      <Filter>源文件</Filter>
    </ClCompile>
    <ClCompile Include="StdImage.cpp">
      <Filter>源文件</Filter>
    </ClCompile>
    <ClCompile Include="stb_image.c">
      <Filter>源文件</Filter>
    </ClCompile>
  </ItemGroup>
  <ItemGroup>
    <None Include="ReadMe.txt" />
  </ItemGroup>
  <ItemGroup>
    <ClInclude Include="HashAlgorithms.h">
      <Filter>头文件</Filter>
    </ClInclude>
  </ItemGroup>
</Project>