
Microsoft Visual Studio Solution File, Format Version 11.00
# Visual Studio 2010
Project("{8BC9CEB8-8B4A-11D0-8D11-00A0C91BC942}") = "MainFrame", "MainFrame\MainFrame.vcxproj", "{3772B4DB-2347-4EF1-8D42-611E04E634DE}"
	ProjectSection(ProjectDependencies) = postProject
		{17794246-CB06-4817-8BA0-48A44C8D1408} = {17794246-CB06-4817-8BA0-48A44C8D1408}
	EndProjectSection
EndProject
Project("{8BC9CEB8-8B4A-11D0-8D11-00A0C91BC942}") = "eContacts", "eContacts\eContacts.vcxproj", "{F80CC394-BF83-4EE2-94FF-EBD125196243}"
	ProjectSection(ProjectDependencies) = postProject
		{17794246-CB06-4817-8BA0-48A44C8D1408} = {17794246-CB06-4817-8BA0-48A44C8D1408}
		{5A13A052-C4FC-4FA1-99E3-4E2E1980BB0C} = {5A13A052-C4FC-4FA1-99E3-4E2E1980BB0C}
	EndProjectSection
EndProject
Project("{8BC9CEB8-8B4A-11D0-8D11-00A0C91BC942}") = "ChatFrame", "ChatFrame\ChatFrame.vcxproj", "{89FABED4-218F-4FCD-8D01-C84E050DB0E1}"
	ProjectSection(ProjectDependencies) = postProject
		{17794246-CB06-4817-8BA0-48A44C8D1408} = {17794246-CB06-4817-8BA0-48A44C8D1408}
	EndProjectSection
EndProject
Project("{8BC9CEB8-8B4A-11D0-8D11-00A0C91BC942}") = "MsgMgr", "MsgMgr\MsgMgr.vcxproj", "{49ED35C2-F27B-4621-BF4B-8993DA5773DF}"
	ProjectSection(ProjectDependencies) = postProject
		{17794246-CB06-4817-8BA0-48A44C8D1408} = {17794246-CB06-4817-8BA0-48A44C8D1408}
	EndProjectSection
EndProject
Project("{8BC9CEB8-8B4A-11D0-8D11-00A0C91BC942}") = "TrayMsg", "TrayMsg\TrayMsg.vcxproj", "{5C439192-91F6-49E6-8646-511668936A7B}"
	ProjectSection(ProjectDependencies) = postProject
		{17794246-CB06-4817-8BA0-48A44C8D1408} = {17794246-CB06-4817-8BA0-48A44C8D1408}
	EndProjectSection
EndProject
Project("{8BC9CEB8-8B4A-11D0-8D11-00A0C91BC942}") = "P2Svr", "P2Svr\P2Svr.vcxproj", "{5A13A052-C4FC-4FA1-99E3-4E2E1980BB0C}"
EndProject
Project("{8BC9CEB8-8B4A-11D0-8D11-00A0C91BC942}") = "MergeImage", "MergeImage\MergeImage.vcxproj", "{82A37DBF-1861-4357-A17B-4427CAAFDE84}"
EndProject
Project("{8BC9CEB8-8B4A-11D0-8D11-00A0C91BC942}") = "CoreFrameWork", "CoreFrameWork\CoreFrameWork.vcxproj", "{868D6525-44B3-4E44-B2D1-F4135B8D9466}"
	ProjectSection(ProjectDependencies) = postProject
		{17794246-CB06-4817-8BA0-48A44C8D1408} = {17794246-CB06-4817-8BA0-48A44C8D1408}
	EndProjectSection
EndProject
Project("{8BC9CEB8-8B4A-11D0-8D11-00A0C91BC942}") = "FrameWorkCFG", "FrameWorkCFG\FrameWorkCFG.vcxproj", "{FBC11E4B-6BF7-4871-A407-9808B2C86391}"
	ProjectSection(ProjectDependencies) = postProject
		{17794246-CB06-4817-8BA0-48A44C8D1408} = {17794246-CB06-4817-8BA0-48A44C8D1408}
	EndProjectSection
EndProject
Project("{8BC9CEB8-8B4A-11D0-8D11-00A0C91BC942}") = "IMCommonLib", "IMCommonLib\IMCommonLib.vcxproj", "{17794246-CB06-4817-8BA0-48A44C8D1408}"
EndProject
Project("{8BC9CEB8-8B4A-11D0-8D11-00A0C91BC942}") = "UIManager", "UIManager\UIManager.vcxproj", "{C51FCE7F-7A90-4D8A-96C4-1760BAAA7B7D}"
	ProjectSection(ProjectDependencies) = postProject
		{17794246-CB06-4817-8BA0-48A44C8D1408} = {17794246-CB06-4817-8BA0-48A44C8D1408}
	EndProjectSection
EndProject
Project("{8BC9CEB8-8B4A-11D0-8D11-00A0C91BC942}") = "login", "login\login.vcxproj", "{68F85D6D-F4AE-4EEB-83C3-634181AD36B2}"
	ProjectSection(ProjectDependencies) = postProject
		{17794246-CB06-4817-8BA0-48A44C8D1408} = {17794246-CB06-4817-8BA0-48A44C8D1408}
	EndProjectSection
EndProject
Project("{8BC9CEB8-8B4A-11D0-8D11-00A0C91BC942}") = "CoLine", "GoCom\GoCom.vcxproj", "{E3C5BA1A-722E-483B-A9C0-B65DDB85D446}"
	ProjectSection(ProjectDependencies) = postProject
		{9E20B80A-361A-4775-8F02-A91983368284} = {9E20B80A-361A-4775-8F02-A91983368284}
		{85D9080F-982A-4E01-A0C3-261BDAE0ECC5} = {85D9080F-982A-4E01-A0C3-261BDAE0ECC5}
		{ABC52613-D9BC-4425-B3E9-2E86BBF08AD5} = {ABC52613-D9BC-4425-B3E9-2E86BBF08AD5}
		{216EF216-3C00-45D0-AA97-1EFBFEFA95C1} = {216EF216-3C00-45D0-AA97-1EFBFEFA95C1}
		{868D6525-44B3-4E44-B2D1-F4135B8D9466} = {868D6525-44B3-4E44-B2D1-F4135B8D9466}
		{92D15C29-958C-46C5-ADE4-605D4125B422} = {92D15C29-958C-46C5-ADE4-605D4125B422}
		{D1D9C741-7C89-4231-9F18-0582D094171D} = {D1D9C741-7C89-4231-9F18-0582D094171D}
		{17794246-CB06-4817-8BA0-48A44C8D1408} = {17794246-CB06-4817-8BA0-48A44C8D1408}
		{FBC11E4B-6BF7-4871-A407-9808B2C86391} = {FBC11E4B-6BF7-4871-A407-9808B2C86391}
		{5A13A052-C4FC-4FA1-99E3-4E2E1980BB0C} = {5A13A052-C4FC-4FA1-99E3-4E2E1980BB0C}
		{52C0ED5E-C86B-4DCE-85D2-FE32257EFC1E} = {52C0ED5E-C86B-4DCE-85D2-FE32257EFC1E}
		{7C161469-2A67-45E3-BB9E-8738BB1C6D9C} = {7C161469-2A67-45E3-BB9E-8738BB1C6D9C}
		{FC95476D-8BCD-4951-BB32-5B7F478A571D} = {FC95476D-8BCD-4951-BB32-5B7F478A571D}
		{68F85D6D-F4AE-4EEB-83C3-634181AD36B2} = {68F85D6D-F4AE-4EEB-83C3-634181AD36B2}
		{C51FCE7F-7A90-4D8A-96C4-1760BAAA7B7D} = {C51FCE7F-7A90-4D8A-96C4-1760BAAA7B7D}
		{82ABAE84-3649-46B3-A6E2-14879158D5C7} = {82ABAE84-3649-46B3-A6E2-14879158D5C7}
		{5C439192-91F6-49E6-8646-511668936A7B} = {5C439192-91F6-49E6-8646-511668936A7B}
		{F80CC394-BF83-4EE2-94FF-EBD125196243} = {F80CC394-BF83-4EE2-94FF-EBD125196243}
		{AB1E6996-32CE-41F4-B0EA-D50CFFB99C9A} = {AB1E6996-32CE-41F4-B0EA-D50CFFB99C9A}
		{731DE5A8-06B8-4EF9-94C6-6AD8981C06E2} = {731DE5A8-06B8-4EF9-94C6-6AD8981C06E2}
		{665A72BB-51B6-4F9B-BD4C-93A2EDFF7D5C} = {665A72BB-51B6-4F9B-BD4C-93A2EDFF7D5C}
		{49ED35C2-F27B-4621-BF4B-8993DA5773DF} = {49ED35C2-F27B-4621-BF4B-8993DA5773DF}
		{401726C5-4C6D-42F6-9739-351B640F48FE} = {401726C5-4C6D-42F6-9739-351B640F48FE}
		{DCA74CCD-3EB1-47A3-8B18-2780991089C6} = {DCA74CCD-3EB1-47A3-8B18-2780991089C6}
		{89FABED4-218F-4FCD-8D01-C84E050DB0E1} = {89FABED4-218F-4FCD-8D01-C84E050DB0E1}
		{3772B4DB-2347-4EF1-8D42-611E04E634DE} = {3772B4DB-2347-4EF1-8D42-611E04E634DE}
		{65DFDDFB-29D3-4BAE-9334-05CAE2CFFA0E} = {65DFDDFB-29D3-4BAE-9334-05CAE2CFFA0E}
		{6A6A0FFD-F85B-4B7A-8C99-AAD8A6894557} = {6A6A0FFD-F85B-4B7A-8C99-AAD8A6894557}
	EndProjectSection
EndProject
Project("{8BC9CEB8-8B4A-11D0-8D11-00A0C91BC942}") = "CheckVersion", "CheckVersion\CheckVersion.vcxproj", "{9E20B80A-361A-4775-8F02-A91983368284}"
EndProject
Project("{8BC9CEB8-8B4A-11D0-8D11-00A0C91BC942}") = "Test", "Test\Test.vcxproj", "{19D1F427-49E2-4CCA-AF25-E2026C82261C}"
	ProjectSection(ProjectDependencies) = postProject
		{5A13A052-C4FC-4FA1-99E3-4E2E1980BB0C} = {5A13A052-C4FC-4FA1-99E3-4E2E1980BB0C}
	EndProjectSection
EndProject
Project("{8BC9CEB8-8B4A-11D0-8D11-00A0C91BC942}") = "MsgMgrUI", "MsgMgrUI\MsgMgrUI.vcxproj", "{216EF216-3C00-45D0-AA97-1EFBFEFA95C1}"
	ProjectSection(ProjectDependencies) = postProject
		{17794246-CB06-4817-8BA0-48A44C8D1408} = {17794246-CB06-4817-8BA0-48A44C8D1408}
	EndProjectSection
EndProject
Project("{8BC9CEB8-8B4A-11D0-8D11-00A0C91BC942}") = "ConfigureUI", "ConfigureUI\ConfigureUI.vcxproj", "{665A72BB-51B6-4F9B-BD4C-93A2EDFF7D5C}"
	ProjectSection(ProjectDependencies) = postProject
		{17794246-CB06-4817-8BA0-48A44C8D1408} = {17794246-CB06-4817-8BA0-48A44C8D1408}
	EndProjectSection
EndProject
Project("{8BC9CEB8-8B4A-11D0-8D11-00A0C91BC942}") = "MiniCard", "MiniCard\MiniCard.vcxproj", "{D1D9C741-7C89-4231-9F18-0582D094171D}"
	ProjectSection(ProjectDependencies) = postProject
		{17794246-CB06-4817-8BA0-48A44C8D1408} = {17794246-CB06-4817-8BA0-48A44C8D1408}
	EndProjectSection
EndProject
Project("{8BC9CEB8-8B4A-11D0-8D11-00A0C91BC942}") = "ContactPanel", "ContactPanel\ContactPanel.vcxproj", "{401726C5-4C6D-42F6-9739-351B640F48FE}"
	ProjectSection(ProjectDependencies) = postProject
		{17794246-CB06-4817-8BA0-48A44C8D1408} = {17794246-CB06-4817-8BA0-48A44C8D1408}
	EndProjectSection
EndProject
Project("{8BC9CEB8-8B4A-11D0-8D11-00A0C91BC942}") = "SMSFrame", "SMSFrame\SMSFrame.vcxproj", "{ABC52613-D9BC-4425-B3E9-2E86BBF08AD5}"
	ProjectSection(ProjectDependencies) = postProject
		{17794246-CB06-4817-8BA0-48A44C8D1408} = {17794246-CB06-4817-8BA0-48A44C8D1408}
	EndProjectSection
EndProject
Project("{8BC9CEB8-8B4A-11D0-8D11-00A0C91BC942}") = "BCFrame", "BCFrame\BCFrame.vcxproj", "{85D9080F-982A-4E01-A0C3-261BDAE0ECC5}"
	ProjectSection(ProjectDependencies) = postProject
		{17794246-CB06-4817-8BA0-48A44C8D1408} = {17794246-CB06-4817-8BA0-48A44C8D1408}
	EndProjectSection
EndProject
Project("{8BC9CEB8-8B4A-11D0-8D11-00A0C91BC942}") = "GroupFrame", "GroupFrame\GroupFrame.vcxproj", "{82ABAE84-3649-46B3-A6E2-14879158D5C7}"
	ProjectSection(ProjectDependencies) = postProject
		{17794246-CB06-4817-8BA0-48A44C8D1408} = {17794246-CB06-4817-8BA0-48A44C8D1408}
	EndProjectSection
EndProject
Project("{8BC9CEB8-8B4A-11D0-8D11-00A0C91BC942}") = "BMCFrame", "BMCFrame\BMCFrame.vcxproj", "{DCA74CCD-3EB1-47A3-8B18-2780991089C6}"
	ProjectSection(ProjectDependencies) = postProject
		{17794246-CB06-4817-8BA0-48A44C8D1408} = {17794246-CB06-4817-8BA0-48A44C8D1408}
	EndProjectSection
EndProject
Project("{8BC9CEB8-8B4A-11D0-8D11-00A0C91BC942}") = "TelQuery", "TelQuery\TelQuery.vcxproj", "{65DFDDFB-29D3-4BAE-9334-05CAE2CFFA0E}"
	ProjectSection(ProjectDependencies) = postProject
		{17794246-CB06-4817-8BA0-48A44C8D1408} = {17794246-CB06-4817-8BA0-48A44C8D1408}
	EndProjectSection
EndProject
Project("{8BC9CEB8-8B4A-11D0-8D11-00A0C91BC942}") = "EmotionFrame", "EmotionFrame\EmotionFrame.vcxproj", "{FC95476D-8BCD-4951-BB32-5B7F478A571D}"
	ProjectSection(ProjectDependencies) = postProject
		{17794246-CB06-4817-8BA0-48A44C8D1408} = {17794246-CB06-4817-8BA0-48A44C8D1408}
	EndProjectSection
EndProject
Project("{8BC9CEB8-8B4A-11D0-8D11-00A0C91BC942}") = "CreateEmotion", "CreateEmotion\CreateEmotion.vcxproj", "{AB1E6996-32CE-41F4-B0EA-D50CFFB99C9A}"
EndProject
Project("{8BC9CEB8-8B4A-11D0-8D11-00A0C91BC942}") = "WidgetBox", "WidgetBox\WidgetBox.vcxproj", "{6A6A0FFD-F85B-4B7A-8C99-AAD8A6894557}"
	ProjectSection(ProjectDependencies) = postProject
		{17794246-CB06-4817-8BA0-48A44C8D1408} = {17794246-CB06-4817-8BA0-48A44C8D1408}
	EndProjectSection
EndProject
Project("{8BC9CEB8-8B4A-11D0-8D11-00A0C91BC942}") = "Updater", "Updater\Updater.vcxproj", "{701B003E-808B-486F-8801-23E165239FB9}"
EndProject
Project("{8BC9CEB8-8B4A-11D0-8D11-00A0C91BC942}") = "FileVer", "FileVer\FileVer.vcxproj", "{C7A735FD-5A96-4E69-976C-F8201FDD7C2B}"
EndProject
Project("{8BC9CEB8-8B4A-11D0-8D11-00A0C91BC942}") = "OATip", "OATip\OATip.vcxproj", "{92D15C29-958C-46C5-ADE4-605D4125B422}"
	ProjectSection(ProjectDependencies) = postProject
		{17794246-CB06-4817-8BA0-48A44C8D1408} = {17794246-CB06-4817-8BA0-48A44C8D1408}
	EndProjectSection
EndProject
Project("{8BC9CEB8-8B4A-11D0-8D11-00A0C91BC942}") = "FreContacts", "FreContacts\FreContacts.vcxproj", "{731DE5A8-06B8-4EF9-94C6-6AD8981C06E2}"
	ProjectSection(ProjectDependencies) = postProject
		{17794246-CB06-4817-8BA0-48A44C8D1408} = {17794246-CB06-4817-8BA0-48A44C8D1408}
	EndProjectSection
EndProject
Project("{8BC9CEB8-8B4A-11D0-8D11-00A0C91BC942}") = "auclt", "auclt\auclt.vcxproj", "{7C28621B-7E36-4D3F-9729-AB0F26709EDA}"
EndProject
Project("{8BC9CEB8-8B4A-11D0-8D11-00A0C91BC942}") = "regplugins", "regplugins\regplugins.vcxproj", "{7C161469-2A67-45E3-BB9E-8738BB1C6D9C}"
EndProject
Project("{8BC9CEB8-8B4A-11D0-8D11-00A0C91BC942}") = "HW_Call", "HW_Call\HW_Call.vcxproj", "{3FBA1B9F-1973-4C65-AC35-0A980A0051F0}"
EndProject
Project("{8BC9CEB8-8B4A-11D0-8D11-00A0C91BC942}") = "GPlus", "GPlus\GPlus.vcxproj", "{52C0ED5E-C86B-4DCE-85D2-FE32257EFC1E}"
EndProject
Global
	GlobalSection(SolutionConfigurationPlatforms) = preSolution
		Debug|Win32 = Debug|Win32
		publish|Win32 = publish|Win32
		Release|Win32 = Release|Win32
	EndGlobalSection
	GlobalSection(ProjectConfigurationPlatforms) = postSolution
		{3772B4DB-2347-4EF1-8D42-611E04E634DE}.Debug|Win32.ActiveCfg = Debug|Win32
		{3772B4DB-2347-4EF1-8D42-611E04E634DE}.Debug|Win32.Build.0 = Debug|Win32
		{3772B4DB-2347-4EF1-8D42-611E04E634DE}.publish|Win32.ActiveCfg = publish|Win32
		{3772B4DB-2347-4EF1-8D42-611E04E634DE}.publish|Win32.Build.0 = publish|Win32
		{3772B4DB-2347-4EF1-8D42-611E04E634DE}.Release|Win32.ActiveCfg = Release|Win32
		{3772B4DB-2347-4EF1-8D42-611E04E634DE}.Release|Win32.Build.0 = Release|Win32
		{F80CC394-BF83-4EE2-94FF-EBD125196243}.Debug|Win32.ActiveCfg = Debug|Win32
		{F80CC394-BF83-4EE2-94FF-EBD125196243}.Debug|Win32.Build.0 = Debug|Win32
		{F80CC394-BF83-4EE2-94FF-EBD125196243}.publish|Win32.ActiveCfg = publish|Win32
		{F80CC394-BF83-4EE2-94FF-EBD125196243}.publish|Win32.Build.0 = publish|Win32
		{F80CC394-BF83-4EE2-94FF-EBD125196243}.Release|Win32.ActiveCfg = Release|Win32
		{F80CC394-BF83-4EE2-94FF-EBD125196243}.Release|Win32.Build.0 = Release|Win32
		{89FABED4-218F-4FCD-8D01-C84E050DB0E1}.Debug|Win32.ActiveCfg = Debug|Win32
		{89FABED4-218F-4FCD-8D01-C84E050DB0E1}.Debug|Win32.Build.0 = Debug|Win32
		{89FABED4-218F-4FCD-8D01-C84E050DB0E1}.publish|Win32.ActiveCfg = publish|Win32
		{89FABED4-218F-4FCD-8D01-C84E050DB0E1}.publish|Win32.Build.0 = publish|Win32
		{89FABED4-218F-4FCD-8D01-C84E050DB0E1}.Release|Win32.ActiveCfg = Release|Win32
		{89FABED4-218F-4FCD-8D01-C84E050DB0E1}.Release|Win32.Build.0 = Release|Win32
		{49ED35C2-F27B-4621-BF4B-8993DA5773DF}.Debug|Win32.ActiveCfg = Debug|Win32
		{49ED35C2-F27B-4621-BF4B-8993DA5773DF}.Debug|Win32.Build.0 = Debug|Win32
		{49ED35C2-F27B-4621-BF4B-8993DA5773DF}.publish|Win32.ActiveCfg = publish|Win32
		{49ED35C2-F27B-4621-BF4B-8993DA5773DF}.publish|Win32.Build.0 = publish|Win32
		{49ED35C2-F27B-4621-BF4B-8993DA5773DF}.Release|Win32.ActiveCfg = Release|Win32
		{49ED35C2-F27B-4621-BF4B-8993DA5773DF}.Release|Win32.Build.0 = Release|Win32
		{5C439192-91F6-49E6-8646-511668936A7B}.Debug|Win32.ActiveCfg = Debug|Win32
		{5C439192-91F6-49E6-8646-511668936A7B}.Debug|Win32.Build.0 = Debug|Win32
		{5C439192-91F6-49E6-8646-511668936A7B}.publish|Win32.ActiveCfg = publish|Win32
		{5C439192-91F6-49E6-8646-511668936A7B}.publish|Win32.Build.0 = publish|Win32
		{5C439192-91F6-49E6-8646-511668936A7B}.Release|Win32.ActiveCfg = Release|Win32
		{5C439192-91F6-49E6-8646-511668936A7B}.Release|Win32.Build.0 = Release|Win32
		{5A13A052-C4FC-4FA1-99E3-4E2E1980BB0C}.Debug|Win32.ActiveCfg = Debug|Win32
		{5A13A052-C4FC-4FA1-99E3-4E2E1980BB0C}.Debug|Win32.Build.0 = Debug|Win32
		{5A13A052-C4FC-4FA1-99E3-4E2E1980BB0C}.publish|Win32.ActiveCfg = publish|Win32
		{5A13A052-C4FC-4FA1-99E3-4E2E1980BB0C}.publish|Win32.Build.0 = publish|Win32
		{5A13A052-C4FC-4FA1-99E3-4E2E1980BB0C}.Release|Win32.ActiveCfg = Release|Win32
		{5A13A052-C4FC-4FA1-99E3-4E2E1980BB0C}.Release|Win32.Build.0 = Release|Win32
		{82A37DBF-1861-4357-A17B-4427CAAFDE84}.Debug|Win32.ActiveCfg = Debug|Win32
		{82A37DBF-1861-4357-A17B-4427CAAFDE84}.Debug|Win32.Build.0 = Debug|Win32
		{82A37DBF-1861-4357-A17B-4427CAAFDE84}.publish|Win32.ActiveCfg = publish|Win32
		{82A37DBF-1861-4357-A17B-4427CAAFDE84}.publish|Win32.Build.0 = publish|Win32
		{82A37DBF-1861-4357-A17B-4427CAAFDE84}.Release|Win32.ActiveCfg = Release|Win32
		{82A37DBF-1861-4357-A17B-4427CAAFDE84}.Release|Win32.Build.0 = Release|Win32
		{868D6525-44B3-4E44-B2D1-F4135B8D9466}.Debug|Win32.ActiveCfg = Debug|Win32
		{868D6525-44B3-4E44-B2D1-F4135B8D9466}.Debug|Win32.Build.0 = Debug|Win32
		{868D6525-44B3-4E44-B2D1-F4135B8D9466}.publish|Win32.ActiveCfg = publish|Win32
		{868D6525-44B3-4E44-B2D1-F4135B8D9466}.publish|Win32.Build.0 = publish|Win32
		{868D6525-44B3-4E44-B2D1-F4135B8D9466}.Release|Win32.ActiveCfg = Release|Win32
		{868D6525-44B3-4E44-B2D1-F4135B8D9466}.Release|Win32.Build.0 = Release|Win32
		{FBC11E4B-6BF7-4871-A407-9808B2C86391}.Debug|Win32.ActiveCfg = Debug|Win32
		{FBC11E4B-6BF7-4871-A407-9808B2C86391}.Debug|Win32.Build.0 = Debug|Win32
		{FBC11E4B-6BF7-4871-A407-9808B2C86391}.publish|Win32.ActiveCfg = publish|Win32
		{FBC11E4B-6BF7-4871-A407-9808B2C86391}.publish|Win32.Build.0 = publish|Win32
		{FBC11E4B-6BF7-4871-A407-9808B2C86391}.Release|Win32.ActiveCfg = Release|Win32
		{FBC11E4B-6BF7-4871-A407-9808B2C86391}.Release|Win32.Build.0 = Release|Win32
		{17794246-CB06-4817-8BA0-48A44C8D1408}.Debug|Win32.ActiveCfg = Debug|Win32
		{17794246-CB06-4817-8BA0-48A44C8D1408}.Debug|Win32.Build.0 = Debug|Win32
		{17794246-CB06-4817-8BA0-48A44C8D1408}.publish|Win32.ActiveCfg = publish|Win32
		{17794246-CB06-4817-8BA0-48A44C8D1408}.publish|Win32.Build.0 = publish|Win32
		{17794246-CB06-4817-8BA0-48A44C8D1408}.Release|Win32.ActiveCfg = Release|Win32
		{17794246-CB06-4817-8BA0-48A44C8D1408}.Release|Win32.Build.0 = Release|Win32
		{C51FCE7F-7A90-4D8A-96C4-1760BAAA7B7D}.Debug|Win32.ActiveCfg = Debug|Win32
		{C51FCE7F-7A90-4D8A-96C4-1760BAAA7B7D}.Debug|Win32.Build.0 = Debug|Win32
		{C51FCE7F-7A90-4D8A-96C4-1760BAAA7B7D}.publish|Win32.ActiveCfg = publish|Win32
		{C51FCE7F-7A90-4D8A-96C4-1760BAAA7B7D}.publish|Win32.Build.0 = publish|Win32
		{C51FCE7F-7A90-4D8A-96C4-1760BAAA7B7D}.Release|Win32.ActiveCfg = Release|Win32
		{C51FCE7F-7A90-4D8A-96C4-1760BAAA7B7D}.Release|Win32.Build.0 = Release|Win32
		{68F85D6D-F4AE-4EEB-83C3-634181AD36B2}.Debug|Win32.ActiveCfg = Debug|Win32
		{68F85D6D-F4AE-4EEB-83C3-634181AD36B2}.Debug|Win32.Build.0 = Debug|Win32
		{68F85D6D-F4AE-4EEB-83C3-634181AD36B2}.publish|Win32.ActiveCfg = publish|Win32
		{68F85D6D-F4AE-4EEB-83C3-634181AD36B2}.publish|Win32.Build.0 = publish|Win32
		{68F85D6D-F4AE-4EEB-83C3-634181AD36B2}.Release|Win32.ActiveCfg = Release|Win32
		{68F85D6D-F4AE-4EEB-83C3-634181AD36B2}.Release|Win32.Build.0 = Release|Win32
		{E3C5BA1A-722E-483B-A9C0-B65DDB85D446}.Debug|Win32.ActiveCfg = Debug|Win32
		{E3C5BA1A-722E-483B-A9C0-B65DDB85D446}.Debug|Win32.Build.0 = Debug|Win32
		{E3C5BA1A-722E-483B-A9C0-B65DDB85D446}.publish|Win32.ActiveCfg = publish|Win32
		{E3C5BA1A-722E-483B-A9C0-B65DDB85D446}.publish|Win32.Build.0 = publish|Win32
		{E3C5BA1A-722E-483B-A9C0-B65DDB85D446}.Release|Win32.ActiveCfg = Release|Win32
		{E3C5BA1A-722E-483B-A9C0-B65DDB85D446}.Release|Win32.Build.0 = Release|Win32
		{9E20B80A-361A-4775-8F02-A91983368284}.Debug|Win32.ActiveCfg = Debug|Win32
		{9E20B80A-361A-4775-8F02-A91983368284}.Debug|Win32.Build.0 = Debug|Win32
		{9E20B80A-361A-4775-8F02-A91983368284}.publish|Win32.ActiveCfg = publish|Win32
		{9E20B80A-361A-4775-8F02-A91983368284}.publish|Win32.Build.0 = publish|Win32
		{9E20B80A-361A-4775-8F02-A91983368284}.Release|Win32.ActiveCfg = Release|Win32
		{9E20B80A-361A-4775-8F02-A91983368284}.Release|Win32.Build.0 = Release|Win32
		{19D1F427-49E2-4CCA-AF25-E2026C82261C}.Debug|Win32.ActiveCfg = Debug|Win32
		{19D1F427-49E2-4CCA-AF25-E2026C82261C}.Debug|Win32.Build.0 = Debug|Win32
		{19D1F427-49E2-4CCA-AF25-E2026C82261C}.publish|Win32.ActiveCfg = publish|Win32
		{19D1F427-49E2-4CCA-AF25-E2026C82261C}.publish|Win32.Build.0 = publish|Win32
		{19D1F427-49E2-4CCA-AF25-E2026C82261C}.Release|Win32.ActiveCfg = Release|Win32
		{19D1F427-49E2-4CCA-AF25-E2026C82261C}.Release|Win32.Build.0 = Release|Win32
		{216EF216-3C00-45D0-AA97-1EFBFEFA95C1}.Debug|Win32.ActiveCfg = Debug|Win32
		{216EF216-3C00-45D0-AA97-1EFBFEFA95C1}.Debug|Win32.Build.0 = Debug|Win32
		{216EF216-3C00-45D0-AA97-1EFBFEFA95C1}.publish|Win32.ActiveCfg = publish|Win32
		{216EF216-3C00-45D0-AA97-1EFBFEFA95C1}.publish|Win32.Build.0 = publish|Win32
		{216EF216-3C00-45D0-AA97-1EFBFEFA95C1}.Release|Win32.ActiveCfg = Release|Win32
		{216EF216-3C00-45D0-AA97-1EFBFEFA95C1}.Release|Win32.Build.0 = Release|Win32
		{665A72BB-51B6-4F9B-BD4C-93A2EDFF7D5C}.Debug|Win32.ActiveCfg = Debug|Win32
		{665A72BB-51B6-4F9B-BD4C-93A2EDFF7D5C}.Debug|Win32.Build.0 = Debug|Win32
		{665A72BB-51B6-4F9B-BD4C-93A2EDFF7D5C}.publish|Win32.ActiveCfg = publish|Win32
		{665A72BB-51B6-4F9B-BD4C-93A2EDFF7D5C}.publish|Win32.Build.0 = publish|Win32
		{665A72BB-51B6-4F9B-BD4C-93A2EDFF7D5C}.Release|Win32.ActiveCfg = Release|Win32
		{665A72BB-51B6-4F9B-BD4C-93A2EDFF7D5C}.Release|Win32.Build.0 = Release|Win32
		{D1D9C741-7C89-4231-9F18-0582D094171D}.Debug|Win32.ActiveCfg = Debug|Win32
		{D1D9C741-7C89-4231-9F18-0582D094171D}.Debug|Win32.Build.0 = Debug|Win32
		{D1D9C741-7C89-4231-9F18-0582D094171D}.publish|Win32.ActiveCfg = publish|Win32
		{D1D9C741-7C89-4231-9F18-0582D094171D}.publish|Win32.Build.0 = publish|Win32
		{D1D9C741-7C89-4231-9F18-0582D094171D}.Release|Win32.ActiveCfg = Release|Win32
		{D1D9C741-7C89-4231-9F18-0582D094171D}.Release|Win32.Build.0 = Release|Win32
		{401726C5-4C6D-42F6-9739-351B640F48FE}.Debug|Win32.ActiveCfg = Debug|Win32
		{401726C5-4C6D-42F6-9739-351B640F48FE}.Debug|Win32.Build.0 = Debug|Win32
		{401726C5-4C6D-42F6-9739-351B640F48FE}.publish|Win32.ActiveCfg = publish|Win32
		{401726C5-4C6D-42F6-9739-351B640F48FE}.publish|Win32.Build.0 = publish|Win32
		{401726C5-4C6D-42F6-9739-351B640F48FE}.Release|Win32.ActiveCfg = Release|Win32
		{401726C5-4C6D-42F6-9739-351B640F48FE}.Release|Win32.Build.0 = Release|Win32
		{ABC52613-D9BC-4425-B3E9-2E86BBF08AD5}.Debug|Win32.ActiveCfg = Debug|Win32
		{ABC52613-D9BC-4425-B3E9-2E86BBF08AD5}.Debug|Win32.Build.0 = Debug|Win32
		{ABC52613-D9BC-4425-B3E9-2E86BBF08AD5}.publish|Win32.ActiveCfg = publish|Win32
		{ABC52613-D9BC-4425-B3E9-2E86BBF08AD5}.publish|Win32.Build.0 = publish|Win32
		{ABC52613-D9BC-4425-B3E9-2E86BBF08AD5}.Release|Win32.ActiveCfg = Release|Win32
		{ABC52613-D9BC-4425-B3E9-2E86BBF08AD5}.Release|Win32.Build.0 = Release|Win32
		{85D9080F-982A-4E01-A0C3-261BDAE0ECC5}.Debug|Win32.ActiveCfg = Debug|Win32
		{85D9080F-982A-4E01-A0C3-261BDAE0ECC5}.Debug|Win32.Build.0 = Debug|Win32
		{85D9080F-982A-4E01-A0C3-261BDAE0ECC5}.publish|Win32.ActiveCfg = publish|Win32
		{85D9080F-982A-4E01-A0C3-261BDAE0ECC5}.publish|Win32.Build.0 = publish|Win32
		{85D9080F-982A-4E01-A0C3-261BDAE0ECC5}.Release|Win32.ActiveCfg = Release|Win32
		{85D9080F-982A-4E01-A0C3-261BDAE0ECC5}.Release|Win32.Build.0 = Release|Win32
		{82ABAE84-3649-46B3-A6E2-14879158D5C7}.Debug|Win32.ActiveCfg = Debug|Win32
		{82ABAE84-3649-46B3-A6E2-14879158D5C7}.Debug|Win32.Build.0 = Debug|Win32
		{82ABAE84-3649-46B3-A6E2-14879158D5C7}.publish|Win32.ActiveCfg = publish|Win32
		{82ABAE84-3649-46B3-A6E2-14879158D5C7}.publish|Win32.Build.0 = publish|Win32
		{82ABAE84-3649-46B3-A6E2-14879158D5C7}.Release|Win32.ActiveCfg = Release|Win32
		{82ABAE84-3649-46B3-A6E2-14879158D5C7}.Release|Win32.Build.0 = Release|Win32
		{DCA74CCD-3EB1-47A3-8B18-2780991089C6}.Debug|Win32.ActiveCfg = Debug|Win32
		{DCA74CCD-3EB1-47A3-8B18-2780991089C6}.Debug|Win32.Build.0 = Debug|Win32
		{DCA74CCD-3EB1-47A3-8B18-2780991089C6}.publish|Win32.ActiveCfg = publish|Win32
		{DCA74CCD-3EB1-47A3-8B18-2780991089C6}.publish|Win32.Build.0 = publish|Win32
		{DCA74CCD-3EB1-47A3-8B18-2780991089C6}.Release|Win32.ActiveCfg = Release|Win32
		{DCA74CCD-3EB1-47A3-8B18-2780991089C6}.Release|Win32.Build.0 = Release|Win32
		{65DFDDFB-29D3-4BAE-9334-05CAE2CFFA0E}.Debug|Win32.ActiveCfg = Debug|Win32
		{65DFDDFB-29D3-4BAE-9334-05CAE2CFFA0E}.Debug|Win32.Build.0 = Debug|Win32
		{65DFDDFB-29D3-4BAE-9334-05CAE2CFFA0E}.publish|Win32.ActiveCfg = publish|Win32
		{65DFDDFB-29D3-4BAE-9334-05CAE2CFFA0E}.publish|Win32.Build.0 = publish|Win32
		{65DFDDFB-29D3-4BAE-9334-05CAE2CFFA0E}.Release|Win32.ActiveCfg = Release|Win32
		{65DFDDFB-29D3-4BAE-9334-05CAE2CFFA0E}.Release|Win32.Build.0 = Release|Win32
		{FC95476D-8BCD-4951-BB32-5B7F478A571D}.Debug|Win32.ActiveCfg = Debug|Win32
		{FC95476D-8BCD-4951-BB32-5B7F478A571D}.Debug|Win32.Build.0 = Debug|Win32
		{FC95476D-8BCD-4951-BB32-5B7F478A571D}.publish|Win32.ActiveCfg = publish|Win32
		{FC95476D-8BCD-4951-BB32-5B7F478A571D}.publish|Win32.Build.0 = publish|Win32
		{FC95476D-8BCD-4951-BB32-5B7F478A571D}.Release|Win32.ActiveCfg = Release|Win32
		{FC95476D-8BCD-4951-BB32-5B7F478A571D}.Release|Win32.Build.0 = Release|Win32
		{AB1E6996-32CE-41F4-B0EA-D50CFFB99C9A}.Debug|Win32.ActiveCfg = Debug|Win32
		{AB1E6996-32CE-41F4-B0EA-D50CFFB99C9A}.Debug|Win32.Build.0 = Debug|Win32
		{AB1E6996-32CE-41F4-B0EA-D50CFFB99C9A}.publish|Win32.ActiveCfg = publish|Win32
		{AB1E6996-32CE-41F4-B0EA-D50CFFB99C9A}.publish|Win32.Build.0 = publish|Win32
		{AB1E6996-32CE-41F4-B0EA-D50CFFB99C9A}.Release|Win32.ActiveCfg = Release|Win32
		{AB1E6996-32CE-41F4-B0EA-D50CFFB99C9A}.Release|Win32.Build.0 = Release|Win32
		{6A6A0FFD-F85B-4B7A-8C99-AAD8A6894557}.Debug|Win32.ActiveCfg = Debug|Win32
		{6A6A0FFD-F85B-4B7A-8C99-AAD8A6894557}.Debug|Win32.Build.0 = Debug|Win32
		{6A6A0FFD-F85B-4B7A-8C99-AAD8A6894557}.publish|Win32.ActiveCfg = publish|Win32
		{6A6A0FFD-F85B-4B7A-8C99-AAD8A6894557}.publish|Win32.Build.0 = publish|Win32
		{6A6A0FFD-F85B-4B7A-8C99-AAD8A6894557}.Release|Win32.ActiveCfg = Release|Win32
		{6A6A0FFD-F85B-4B7A-8C99-AAD8A6894557}.Release|Win32.Build.0 = Release|Win32
		{701B003E-808B-486F-8801-23E165239FB9}.Debug|Win32.ActiveCfg = Debug|Win32
		{701B003E-808B-486F-8801-23E165239FB9}.Debug|Win32.Build.0 = Debug|Win32
		{701B003E-808B-486F-8801-23E165239FB9}.publish|Win32.ActiveCfg = publish|Win32
		{701B003E-808B-486F-8801-23E165239FB9}.publish|Win32.Build.0 = publish|Win32
		{701B003E-808B-486F-8801-23E165239FB9}.Release|Win32.ActiveCfg = Release|Win32
		{701B003E-808B-486F-8801-23E165239FB9}.Release|Win32.Build.0 = Release|Win32
		{C7A735FD-5A96-4E69-976C-F8201FDD7C2B}.Debug|Win32.ActiveCfg = Debug|Win32
		{C7A735FD-5A96-4E69-976C-F8201FDD7C2B}.Debug|Win32.Build.0 = Debug|Win32
		{C7A735FD-5A96-4E69-976C-F8201FDD7C2B}.publish|Win32.ActiveCfg = publish|Win32
		{C7A735FD-5A96-4E69-976C-F8201FDD7C2B}.publish|Win32.Build.0 = publish|Win32
		{C7A735FD-5A96-4E69-976C-F8201FDD7C2B}.Release|Win32.ActiveCfg = Release|Win32
		{C7A735FD-5A96-4E69-976C-F8201FDD7C2B}.Release|Win32.Build.0 = Release|Win32
		{92D15C29-958C-46C5-ADE4-605D4125B422}.Debug|Win32.ActiveCfg = Debug|Win32
		{92D15C29-958C-46C5-ADE4-605D4125B422}.Debug|Win32.Build.0 = Debug|Win32
		{92D15C29-958C-46C5-ADE4-605D4125B422}.publish|Win32.ActiveCfg = publish|Win32
		{92D15C29-958C-46C5-ADE4-605D4125B422}.publish|Win32.Build.0 = publish|Win32
		{92D15C29-958C-46C5-ADE4-605D4125B422}.Release|Win32.ActiveCfg = Release|Win32
		{92D15C29-958C-46C5-ADE4-605D4125B422}.Release|Win32.Build.0 = Release|Win32
		{731DE5A8-06B8-4EF9-94C6-6AD8981C06E2}.Debug|Win32.ActiveCfg = Debug|Win32
		{731DE5A8-06B8-4EF9-94C6-6AD8981C06E2}.Debug|Win32.Build.0 = Debug|Win32
		{731DE5A8-06B8-4EF9-94C6-6AD8981C06E2}.publish|Win32.ActiveCfg = publish|Win32
		{731DE5A8-06B8-4EF9-94C6-6AD8981C06E2}.publish|Win32.Build.0 = publish|Win32
		{731DE5A8-06B8-4EF9-94C6-6AD8981C06E2}.Release|Win32.ActiveCfg = Release|Win32
		{731DE5A8-06B8-4EF9-94C6-6AD8981C06E2}.Release|Win32.Build.0 = Release|Win32
		{7C28621B-7E36-4D3F-9729-AB0F26709EDA}.Debug|Win32.ActiveCfg = Debug|Win32
		{7C28621B-7E36-4D3F-9729-AB0F26709EDA}.Debug|Win32.Build.0 = Debug|Win32
		{7C28621B-7E36-4D3F-9729-AB0F26709EDA}.publish|Win32.ActiveCfg = publish|Win32
		{7C28621B-7E36-4D3F-9729-AB0F26709EDA}.publish|Win32.Build.0 = publish|Win32
		{7C28621B-7E36-4D3F-9729-AB0F26709EDA}.Release|Win32.ActiveCfg = Release|Win32
		{7C28621B-7E36-4D3F-9729-AB0F26709EDA}.Release|Win32.Build.0 = Release|Win32
		{7C161469-2A67-45E3-BB9E-8738BB1C6D9C}.Debug|Win32.ActiveCfg = Debug|Win32
		{7C161469-2A67-45E3-BB9E-8738BB1C6D9C}.Debug|Win32.Build.0 = Debug|Win32
		{7C161469-2A67-45E3-BB9E-8738BB1C6D9C}.publish|Win32.ActiveCfg = publish|Win32
		{7C161469-2A67-45E3-BB9E-8738BB1C6D9C}.publish|Win32.Build.0 = publish|Win32
		{7C161469-2A67-45E3-BB9E-8738BB1C6D9C}.Release|Win32.ActiveCfg = Release|Win32
		{7C161469-2A67-45E3-BB9E-8738BB1C6D9C}.Release|Win32.Build.0 = Release|Win32
		{3FBA1B9F-1973-4C65-AC35-0A980A0051F0}.Debug|Win32.ActiveCfg = Debug|Win32
		{3FBA1B9F-1973-4C65-AC35-0A980A0051F0}.Debug|Win32.Build.0 = Debug|Win32
		{3FBA1B9F-1973-4C65-AC35-0A980A0051F0}.publish|Win32.ActiveCfg = publish|Win32
		{3FBA1B9F-1973-4C65-AC35-0A980A0051F0}.publish|Win32.Build.0 = publish|Win32
		{3FBA1B9F-1973-4C65-AC35-0A980A0051F0}.Release|Win32.ActiveCfg = Release|Win32
		{3FBA1B9F-1973-4C65-AC35-0A980A0051F0}.Release|Win32.Build.0 = Release|Win32
		{52C0ED5E-C86B-4DCE-85D2-FE32257EFC1E}.Debug|Win32.ActiveCfg = Debug|Win32
		{52C0ED5E-C86B-4DCE-85D2-FE32257EFC1E}.Debug|Win32.Build.0 = Debug|Win32
		{52C0ED5E-C86B-4DCE-85D2-FE32257EFC1E}.publish|Win32.ActiveCfg = publish|Win32
		{52C0ED5E-C86B-4DCE-85D2-FE32257EFC1E}.publish|Win32.Build.0 = publish|Win32
		{52C0ED5E-C86B-4DCE-85D2-FE32257EFC1E}.Release|Win32.ActiveCfg = Release|Win32
		{52C0ED5E-C86B-4DCE-85D2-FE32257EFC1E}.Release|Win32.Build.0 = Release|Win32
	EndGlobalSection
	GlobalSection(SolutionProperties) = preSolution
		HideSolutionNode = FALSE
	EndGlobalSection
EndGlobal
